
Microsoft Visual Studio Solution File, Format Version 12.00
# Visual Studio Version 16
VisualStudioVersion = 16.0.31205.134
MinimumVisualStudioVersion = 10.0.40219.1
Project("{9A19103F-16F7-4668-BE54-9A1E7A4F7556}") = "FinalProject", "FinalProject.csproj", "{AD9DAB51-82FE-421C-B287-1E85E7A2F0EE}"
EndProject
Global
	GlobalSection(SolutionConfigurationPlatforms) = preSolution
		Debug|Any CPU = Debug|Any CPU
		Release|Any CPU = Release|Any CPU
	EndGlobalSection
	GlobalSection(ProjectConfigurationPlatforms) = postSolution
		{AD9DAB51-82FE-421C-B287-1E85E7A2F0EE}.Debug|Any CPU.ActiveCfg = Debug|Any CPU
		{AD9DAB51-82FE-421C-B287-1E85E7A2F0EE}.Debug|Any CPU.Build.0 = Debug|Any CPU
		{AD9DAB51-82FE-421C-B287-1E85E7A2F0EE}.Release|Any CPU.ActiveCfg = Release|Any CPU
		{AD9DAB51-82FE-421C-B287-1E85E7A2F0EE}.Release|Any CPU.Build.0 = Release|Any CPU
	EndGlobalSection
	GlobalSection(SolutionProperties) = preSolution
		HideSolutionNode = FALSE
	EndGlobalSection
	GlobalSection(ExtensibilityGlobals) = postSolution
		SolutionGuid = {AAA8A8AA-0F5E-49A4-ACBC-0CBEF7372931}
	EndGlobalSection
	GlobalSection(TeamFoundationVersionControl) = preSolution
		SccNumberOfProjects = 2
		SccEnterpriseProvider = {4CA58AB2-18FA-4F8D-95D4-32DDF27D184C}
		SccTeamFoundationServer = https://dev.azure.com/ebrusngl
		SccProjectUniqueName0 = FinalProject.csproj
		SccLocalPath0 = .
		SccLocalPath1 = .
	EndGlobalSection
EndGlobal
